
Microsoft Visual Studio Solution File, Format Version 12.00
# Visual Studio Version 17
VisualStudioVersion = 17.6.33815.320
MinimumVisualStudioVersion = 10.0.40219.1
Project("{9A19103F-16F7-4668-BE54-9A1E7A4F7556}") = "Practicle8", "Practicle8\Practicle8.csproj", "{C0B70E94-C490-469D-A3DC-D2D9E090D8B6}"
EndProject
Global
	GlobalSection(SolutionConfigurationPlatforms) = preSolution
		Debug|Any CPU = Debug|Any CPU
		Release|Any CPU = Release|Any CPU
	EndGlobalSection
	GlobalSection(ProjectConfigurationPlatforms) = postSolution
		{C0B70E94-C490-469D-A3DC-D2D9E090D8B6}.Debug|Any CPU.ActiveCfg = Debug|Any CPU
		{C0B70E94-C490-469D-A3DC-D2D9E090D8B6}.Debug|Any CPU.Build.0 = Debug|Any CPU
		{C0B70E94-C490-469D-A3DC-D2D9E090D8B6}.Release|Any CPU.ActiveCfg = Release|Any CPU
		{C0B70E94-C490-469D-A3DC-D2D9E090D8B6}.Release|Any CPU.Build.0 = Release|Any CPU
	EndGlobalSection
	GlobalSection(SolutionProperties) = preSolution
		HideSolutionNode = FALSE
	EndGlobalSection
	GlobalSection(ExtensibilityGlobals) = postSolution
		SolutionGuid = {7C3517EF-8DA3-4BEE-8459-7783A9C718A2}
	EndGlobalSection
EndGlobal
